
Microsoft Visual Studio Solution File, Format Version 11.00
# Visual Studio 2010
Project("{FAE04EC0-301F-11D3-BF4B-00C04F79EFBC}") = "VerwaltungLib", "VerwaltungLib\VerwaltungLib.csproj", "{D84121E6-7419-4D82-92C2-BB7338FEB1EE}"
EndProject
Global
	GlobalSection(SolutionConfigurationPlatforms) = preSolution
		Debug|Any CPU = Debug|Any CPU
		Release|Any CPU = Release|Any CPU
	EndGlobalSection
	GlobalSection(ProjectConfigurationPlatforms) = postSolution
		{D84121E6-7419-4D82-92C2-BB7338FEB1EE}.Debug|Any CPU.ActiveCfg = Debug|Any CPU
		{D84121E6-7419-4D82-92C2-BB7338FEB1EE}.Debug|Any CPU.Build.0 = Debug|Any CPU
		{D84121E6-7419-4D82-92C2-BB7338FEB1EE}.Release|Any CPU.ActiveCfg = Release|Any CPU
		{D84121E6-7419-4D82-92C2-BB7338FEB1EE}.Release|Any CPU.Build.0 = Release|Any CPU
	EndGlobalSection
	GlobalSection(MonoDevelopProperties) = preSolution
		StartupItem = VerwaltungLib\VerwaltungLib.csproj
	EndGlobalSection
EndGlobal
